
Microsoft Visual Studio Solution File, Format Version 12.00
# Visual Studio 15
VisualStudioVersion = 15.0.27428.2015
MinimumVisualStudioVersion = 10.0.40219.1
Project("{FAE04EC0-301F-11D3-BF4B-00C04F79EFBC}") = "SetADLSPermission", "SetADLSPermission\SetADLSPermission.csproj", "{D5539601-B167-471C-9564-0E6BD1E07361}"
EndProject
Project("{2150E333-8FDC-42A3-9474-1A3956D46DE8}") = "infrastructure", "infrastructure", "{8336D3F7-80ED-4E29-9AA3-146DB045F970}"
	ProjectSection(SolutionItems) = preProject
		arm-template.json = arm-template.json
		key-vault-template.json = key-vault-template.json
		vault-parameter-template.json = vault-parameter-template.json
	EndProjectSection
EndProject
Global
	GlobalSection(SolutionConfigurationPlatforms) = preSolution
		Debug|Any CPU = Debug|Any CPU
		Release|Any CPU = Release|Any CPU
	EndGlobalSection
	GlobalSection(ProjectConfigurationPlatforms) = postSolution
		{D5539601-B167-471C-9564-0E6BD1E07361}.Debug|Any CPU.ActiveCfg = Debug|Any CPU
		{D5539601-B167-471C-9564-0E6BD1E07361}.Debug|Any CPU.Build.0 = Debug|Any CPU
		{D5539601-B167-471C-9564-0E6BD1E07361}.Release|Any CPU.ActiveCfg = Release|Any CPU
		{D5539601-B167-471C-9564-0E6BD1E07361}.Release|Any CPU.Build.0 = Release|Any CPU
	EndGlobalSection
	GlobalSection(SolutionProperties) = preSolution
		HideSolutionNode = FALSE
	EndGlobalSection
	GlobalSection(ExtensibilityGlobals) = postSolution
		SolutionGuid = {294BF087-4BB5-4909-9885-0C99F9054B86}
	EndGlobalSection
EndGlobal
