
Microsoft Visual Studio Solution File, Format Version 12.00
# Visual Studio 15
VisualStudioVersion = 15.0.27428.2015
MinimumVisualStudioVersion = 10.0.40219.1
Project("{9A19103F-16F7-4668-BE54-9A1E7A4F7556}") = "SetADLSPermission", "SetADLSPermission\SetADLSPermission.csproj", "{D5539601-B167-471C-9564-0E6BD1E07361}"
EndProject
Project("{2150E333-8FDC-42A3-9474-1A3956D46DE8}") = "infrastructure", "infrastructure", "{35D44467-A9B7-406E-9D40-62CB6B42EFE0}"
EndProject
Project("{2150E333-8FDC-42A3-9474-1A3956D46DE8}") = "Solution Items", "Solution Items", "{BBF5EC3D-B98F-4984-9ED6-6ADE27CA5F35}"
	ProjectSection(SolutionItems) = preProject
		README.md = README.md
	EndProjectSection
EndProject
Project("{2150E333-8FDC-42A3-9474-1A3956D46DE8}") = "function-env-vars", "function-env-vars", "{3AD93C19-D1F1-420F-BA48-945D078BFE01}"
	ProjectSection(SolutionItems) = preProject
		infrastructure\function-env-vars\arm-template-consumption.json = infrastructure\function-env-vars\arm-template-consumption.json
		infrastructure\function-env-vars\arm-template.json = infrastructure\function-env-vars\arm-template.json
		infrastructure\function-env-vars\key-vault-template.json = infrastructure\function-env-vars\key-vault-template.json
		infrastructure\function-env-vars\test.json = infrastructure\function-env-vars\test.json
		infrastructure\function-env-vars\vault-parameter-template.json = infrastructure\function-env-vars\vault-parameter-template.json
		infrastructure\function-env-vars\working.json = infrastructure\function-env-vars\working.json
	EndProjectSection
EndProject
Project("{2150E333-8FDC-42A3-9474-1A3956D46DE8}") = "programmatic-key-vault-access", "programmatic-key-vault-access", "{C756ED9A-2CE1-47A0-99F3-03CE38E25A2B}"
	ProjectSection(SolutionItems) = preProject
		infrastructure\programmatic-access-key-vault\arm-template-no-locks.json = infrastructure\programmatic-access-key-vault\arm-template-no-locks.json
		infrastructure\programmatic-access-key-vault\arm-template.json = infrastructure\programmatic-access-key-vault\arm-template.json
	EndProjectSection
EndProject
Global
	GlobalSection(SolutionConfigurationPlatforms) = preSolution
		Debug|Any CPU = Debug|Any CPU
		Release|Any CPU = Release|Any CPU
	EndGlobalSection
	GlobalSection(ProjectConfigurationPlatforms) = postSolution
		{D5539601-B167-471C-9564-0E6BD1E07361}.Debug|Any CPU.ActiveCfg = Debug|Any CPU
		{D5539601-B167-471C-9564-0E6BD1E07361}.Debug|Any CPU.Build.0 = Debug|Any CPU
		{D5539601-B167-471C-9564-0E6BD1E07361}.Release|Any CPU.ActiveCfg = Release|Any CPU
		{D5539601-B167-471C-9564-0E6BD1E07361}.Release|Any CPU.Build.0 = Release|Any CPU
	EndGlobalSection
	GlobalSection(SolutionProperties) = preSolution
		HideSolutionNode = FALSE
	EndGlobalSection
	GlobalSection(NestedProjects) = preSolution
		{3AD93C19-D1F1-420F-BA48-945D078BFE01} = {35D44467-A9B7-406E-9D40-62CB6B42EFE0}
		{C756ED9A-2CE1-47A0-99F3-03CE38E25A2B} = {35D44467-A9B7-406E-9D40-62CB6B42EFE0}
	EndGlobalSection
	GlobalSection(ExtensibilityGlobals) = postSolution
		SolutionGuid = {294BF087-4BB5-4909-9885-0C99F9054B86}
	EndGlobalSection
EndGlobal
